// !$*UTF8*$!
{
	archiveVersion = 1;
	classes = {
	};
	objectVersion = 55;
	objects = {

/* Begin PBXBuildFile section */
		3310228244C83DD887544F37 /* Pods_Insta_CloneApp.framework in Frameworks */ = {isa = PBXBuildFile; fileRef = C341E63B9E38CD0C9AE6E33E /* Pods_Insta_CloneApp.framework */; };
		9B5680BF828066C50FF6AF37 /* Pods_Insta_CloneAppTests.framework in Frameworks */ = {isa = PBXBuildFile; fileRef = 0BA5485CAD0BDE6B75062C69 /* Pods_Insta_CloneAppTests.framework */; };
		A40128CE29135E8500A08049 /* Extensions.swift in Sources */ = {isa = PBXBuildFile; fileRef = A40128CD29135E8500A08049 /* Extensions.swift */; };
		A410184C29122D6E00128B09 /* LoginViewController.swift in Sources */ = {isa = PBXBuildFile; fileRef = A410184B29122D6E00128B09 /* LoginViewController.swift */; };
		A410184E29122D9000128B09 /* RegistrationViewController.swift in Sources */ = {isa = PBXBuildFile; fileRef = A410184D29122D9000128B09 /* RegistrationViewController.swift */; };
		A410185029122F0600128B09 /* PostViewController.swift in Sources */ = {isa = PBXBuildFile; fileRef = A410184F29122F0600128B09 /* PostViewController.swift */; };
		A410185229122F1D00128B09 /* EditProfileViewController.swift in Sources */ = {isa = PBXBuildFile; fileRef = A410185129122F1D00128B09 /* EditProfileViewController.swift */; };
		A410185429122F6300128B09 /* SettingViewController.swift in Sources */ = {isa = PBXBuildFile; fileRef = A410185329122F6300128B09 /* SettingViewController.swift */; };
		A410185629122F7000128B09 /* ListViewController.swift in Sources */ = {isa = PBXBuildFile; fileRef = A410185529122F7000128B09 /* ListViewController.swift */; };
		A410185829122F9800128B09 /* SearchViewController.swift in Sources */ = {isa = PBXBuildFile; fileRef = A410185729122F9800128B09 /* SearchViewController.swift */; };
		A410185A291233E200128B09 /* PostEditorViewController.swift in Sources */ = {isa = PBXBuildFile; fileRef = A4101859291233E200128B09 /* PostEditorViewController.swift */; };
		A410185C2912341500128B09 /* PublishPostViewController.swift in Sources */ = {isa = PBXBuildFile; fileRef = A410185B2912341500128B09 /* PublishPostViewController.swift */; };
		A410185E29124E5D00128B09 /* GoogleService-Info.plist in Resources */ = {isa = PBXBuildFile; fileRef = A410185D29124E5D00128B09 /* GoogleService-Info.plist */; };
		A41018622912860900128B09 /* DataBaseManager.swift in Sources */ = {isa = PBXBuildFile; fileRef = A41018612912860900128B09 /* DataBaseManager.swift */; };
		A41018642912870A00128B09 /* Authmanager.swift in Sources */ = {isa = PBXBuildFile; fileRef = A41018632912870A00128B09 /* Authmanager.swift */; };
		A41018662912879000128B09 /* StorageManager.swift in Sources */ = {isa = PBXBuildFile; fileRef = A41018652912879000128B09 /* StorageManager.swift */; };
		A4EB30DB29116FE300002926 /* AppDelegate.swift in Sources */ = {isa = PBXBuildFile; fileRef = A4EB30DA29116FE300002926 /* AppDelegate.swift */; };
		A4EB30DD29116FE300002926 /* SceneDelegate.swift in Sources */ = {isa = PBXBuildFile; fileRef = A4EB30DC29116FE300002926 /* SceneDelegate.swift */; };
		A4EB30E229116FE300002926 /* Main.storyboard in Resources */ = {isa = PBXBuildFile; fileRef = A4EB30E029116FE300002926 /* Main.storyboard */; };
		A4EB30E429116FE500002926 /* Assets.xcassets in Resources */ = {isa = PBXBuildFile; fileRef = A4EB30E329116FE500002926 /* Assets.xcassets */; };
		A4EB30E729116FE500002926 /* LaunchScreen.storyboard in Resources */ = {isa = PBXBuildFile; fileRef = A4EB30E529116FE500002926 /* LaunchScreen.storyboard */; };
		A4EB30F229116FE600002926 /* Insta_CloneAppTests.swift in Sources */ = {isa = PBXBuildFile; fileRef = A4EB30F129116FE600002926 /* Insta_CloneAppTests.swift */; };
		A4EB30FC29116FE600002926 /* Insta_CloneAppUITests.swift in Sources */ = {isa = PBXBuildFile; fileRef = A4EB30FB29116FE600002926 /* Insta_CloneAppUITests.swift */; };
		A4EB30FE29116FE600002926 /* Insta_CloneAppUITestsLaunchTests.swift in Sources */ = {isa = PBXBuildFile; fileRef = A4EB30FD29116FE600002926 /* Insta_CloneAppUITestsLaunchTests.swift */; };
		A4EB310C291170CA00002926 /* HomeViewController.swift in Sources */ = {isa = PBXBuildFile; fileRef = A4EB310B291170CA00002926 /* HomeViewController.swift */; };
		A4EB31122911732A00002926 /* ExplorerViewController.swift in Sources */ = {isa = PBXBuildFile; fileRef = A4EB31112911732A00002926 /* ExplorerViewController.swift */; };
		A4EB31142911736A00002926 /* CameraViewController.swift in Sources */ = {isa = PBXBuildFile; fileRef = A4EB31132911736A00002926 /* CameraViewController.swift */; };
		A4EB31162911738000002926 /* NotificationsViewController.swift in Sources */ = {isa = PBXBuildFile; fileRef = A4EB31152911738000002926 /* NotificationsViewController.swift */; };
		A4EB31182911738F00002926 /* ProfileViewController.swift in Sources */ = {isa = PBXBuildFile; fileRef = A4EB31172911738F00002926 /* ProfileViewController.swift */; };
		D44F7964E00AE85F47567B11 /* Pods_Insta_CloneApp_Insta_CloneAppUITests.framework in Frameworks */ = {isa = PBXBuildFile; fileRef = 51D7D2ED87396BC437F131F6 /* Pods_Insta_CloneApp_Insta_CloneAppUITests.framework */; };
/* End PBXBuildFile section */

/* Begin PBXContainerItemProxy section */
		A4EB30EE29116FE600002926 /* PBXContainerItemProxy */ = {
			isa = PBXContainerItemProxy;
			containerPortal = A4EB30CF29116FE300002926 /* Project object */;
			proxyType = 1;
			remoteGlobalIDString = A4EB30D629116FE300002926;
			remoteInfo = "Insta-CloneApp";
		};
		A4EB30F829116FE600002926 /* PBXContainerItemProxy */ = {
			isa = PBXContainerItemProxy;
			containerPortal = A4EB30CF29116FE300002926 /* Project object */;
			proxyType = 1;
			remoteGlobalIDString = A4EB30D629116FE300002926;
			remoteInfo = "Insta-CloneApp";
		};
/* End PBXContainerItemProxy section */

/* Begin PBXFileReference section */
		0BA5485CAD0BDE6B75062C69 /* Pods_Insta_CloneAppTests.framework */ = {isa = PBXFileReference; explicitFileType = wrapper.framework; includeInIndex = 0; path = Pods_Insta_CloneAppTests.framework; sourceTree = BUILT_PRODUCTS_DIR; };
		13C464DCC10283D69F8B100E /* Pods-Insta-CloneAppTests.release.xcconfig */ = {isa = PBXFileReference; includeInIndex = 1; lastKnownFileType = text.xcconfig; name = "Pods-Insta-CloneAppTests.release.xcconfig"; path = "Target Support Files/Pods-Insta-CloneAppTests/Pods-Insta-CloneAppTests.release.xcconfig"; sourceTree = "<group>"; };
		51D7D2ED87396BC437F131F6 /* Pods_Insta_CloneApp_Insta_CloneAppUITests.framework */ = {isa = PBXFileReference; explicitFileType = wrapper.framework; includeInIndex = 0; path = Pods_Insta_CloneApp_Insta_CloneAppUITests.framework; sourceTree = BUILT_PRODUCTS_DIR; };
		7536E7268C53FC0B43A17DE0 /* Pods-Insta-CloneApp.release.xcconfig */ = {isa = PBXFileReference; includeInIndex = 1; lastKnownFileType = text.xcconfig; name = "Pods-Insta-CloneApp.release.xcconfig"; path = "Target Support Files/Pods-Insta-CloneApp/Pods-Insta-CloneApp.release.xcconfig"; sourceTree = "<group>"; };
		75FBF39E64CBEB57284E96AB /* Pods-Insta-CloneApp-Insta-CloneAppUITests.debug.xcconfig */ = {isa = PBXFileReference; includeInIndex = 1; lastKnownFileType = text.xcconfig; name = "Pods-Insta-CloneApp-Insta-CloneAppUITests.debug.xcconfig"; path = "Target Support Files/Pods-Insta-CloneApp-Insta-CloneAppUITests/Pods-Insta-CloneApp-Insta-CloneAppUITests.debug.xcconfig"; sourceTree = "<group>"; };
		9B0679C292A431219B87AC1F /* Pods-Insta-CloneApp-Insta-CloneAppUITests.release.xcconfig */ = {isa = PBXFileReference; includeInIndex = 1; lastKnownFileType = text.xcconfig; name = "Pods-Insta-CloneApp-Insta-CloneAppUITests.release.xcconfig"; path = "Target Support Files/Pods-Insta-CloneApp-Insta-CloneAppUITests/Pods-Insta-CloneApp-Insta-CloneAppUITests.release.xcconfig"; sourceTree = "<group>"; };
		A40128CD29135E8500A08049 /* Extensions.swift */ = {isa = PBXFileReference; lastKnownFileType = sourcecode.swift; path = Extensions.swift; sourceTree = "<group>"; };
		A410184B29122D6E00128B09 /* LoginViewController.swift */ = {isa = PBXFileReference; lastKnownFileType = sourcecode.swift; path = LoginViewController.swift; sourceTree = "<group>"; };
		A410184D29122D9000128B09 /* RegistrationViewController.swift */ = {isa = PBXFileReference; lastKnownFileType = sourcecode.swift; path = RegistrationViewController.swift; sourceTree = "<group>"; };
		A410184F29122F0600128B09 /* PostViewController.swift */ = {isa = PBXFileReference; lastKnownFileType = sourcecode.swift; path = PostViewController.swift; sourceTree = "<group>"; };
		A410185129122F1D00128B09 /* EditProfileViewController.swift */ = {isa = PBXFileReference; lastKnownFileType = sourcecode.swift; path = EditProfileViewController.swift; sourceTree = "<group>"; };
		A410185329122F6300128B09 /* SettingViewController.swift */ = {isa = PBXFileReference; lastKnownFileType = sourcecode.swift; path = SettingViewController.swift; sourceTree = "<group>"; };
		A410185529122F7000128B09 /* ListViewController.swift */ = {isa = PBXFileReference; lastKnownFileType = sourcecode.swift; path = ListViewController.swift; sourceTree = "<group>"; };
		A410185729122F9800128B09 /* SearchViewController.swift */ = {isa = PBXFileReference; lastKnownFileType = sourcecode.swift; path = SearchViewController.swift; sourceTree = "<group>"; };
		A4101859291233E200128B09 /* PostEditorViewController.swift */ = {isa = PBXFileReference; lastKnownFileType = sourcecode.swift; path = PostEditorViewController.swift; sourceTree = "<group>"; };
		A410185B2912341500128B09 /* PublishPostViewController.swift */ = {isa = PBXFileReference; lastKnownFileType = sourcecode.swift; path = PublishPostViewController.swift; sourceTree = "<group>"; };
		A410185D29124E5D00128B09 /* GoogleService-Info.plist */ = {isa = PBXFileReference; fileEncoding = 4; lastKnownFileType = text.plist.xml; path = "GoogleService-Info.plist"; sourceTree = "<group>"; };
		A41018612912860900128B09 /* DataBaseManager.swift */ = {isa = PBXFileReference; lastKnownFileType = sourcecode.swift; path = DataBaseManager.swift; sourceTree = "<group>"; };
		A41018632912870A00128B09 /* Authmanager.swift */ = {isa = PBXFileReference; lastKnownFileType = sourcecode.swift; path = Authmanager.swift; sourceTree = "<group>"; };
		A41018652912879000128B09 /* StorageManager.swift */ = {isa = PBXFileReference; lastKnownFileType = sourcecode.swift; path = StorageManager.swift; sourceTree = "<group>"; };
		A4EB30D729116FE300002926 /* Insta-CloneApp.app */ = {isa = PBXFileReference; explicitFileType = wrapper.application; includeInIndex = 0; path = "Insta-CloneApp.app"; sourceTree = BUILT_PRODUCTS_DIR; };
		A4EB30DA29116FE300002926 /* AppDelegate.swift */ = {isa = PBXFileReference; lastKnownFileType = sourcecode.swift; path = AppDelegate.swift; sourceTree = "<group>"; };
		A4EB30DC29116FE300002926 /* SceneDelegate.swift */ = {isa = PBXFileReference; lastKnownFileType = sourcecode.swift; path = SceneDelegate.swift; sourceTree = "<group>"; };
		A4EB30E129116FE300002926 /* Base */ = {isa = PBXFileReference; lastKnownFileType = file.storyboard; name = Base; path = Base.lproj/Main.storyboard; sourceTree = "<group>"; };
		A4EB30E329116FE500002926 /* Assets.xcassets */ = {isa = PBXFileReference; lastKnownFileType = folder.assetcatalog; path = Assets.xcassets; sourceTree = "<group>"; };
		A4EB30E629116FE500002926 /* Base */ = {isa = PBXFileReference; lastKnownFileType = file.storyboard; name = Base; path = Base.lproj/LaunchScreen.storyboard; sourceTree = "<group>"; };
		A4EB30E829116FE500002926 /* Info.plist */ = {isa = PBXFileReference; lastKnownFileType = text.plist.xml; path = Info.plist; sourceTree = "<group>"; };
		A4EB30ED29116FE600002926 /* Insta-CloneAppTests.xctest */ = {isa = PBXFileReference; explicitFileType = wrapper.cfbundle; includeInIndex = 0; path = "Insta-CloneAppTests.xctest"; sourceTree = BUILT_PRODUCTS_DIR; };
		A4EB30F129116FE600002926 /* Insta_CloneAppTests.swift */ = {isa = PBXFileReference; lastKnownFileType = sourcecode.swift; path = Insta_CloneAppTests.swift; sourceTree = "<group>"; };
		A4EB30F729116FE600002926 /* Insta-CloneAppUITests.xctest */ = {isa = PBXFileReference; explicitFileType = wrapper.cfbundle; includeInIndex = 0; path = "Insta-CloneAppUITests.xctest"; sourceTree = BUILT_PRODUCTS_DIR; };
		A4EB30FB29116FE600002926 /* Insta_CloneAppUITests.swift */ = {isa = PBXFileReference; lastKnownFileType = sourcecode.swift; path = Insta_CloneAppUITests.swift; sourceTree = "<group>"; };
		A4EB30FD29116FE600002926 /* Insta_CloneAppUITestsLaunchTests.swift */ = {isa = PBXFileReference; lastKnownFileType = sourcecode.swift; path = Insta_CloneAppUITestsLaunchTests.swift; sourceTree = "<group>"; };
		A4EB310B291170CA00002926 /* HomeViewController.swift */ = {isa = PBXFileReference; lastKnownFileType = sourcecode.swift; path = HomeViewController.swift; sourceTree = "<group>"; };
		A4EB31112911732A00002926 /* ExplorerViewController.swift */ = {isa = PBXFileReference; lastKnownFileType = sourcecode.swift; path = ExplorerViewController.swift; sourceTree = "<group>"; };
		A4EB31132911736A00002926 /* CameraViewController.swift */ = {isa = PBXFileReference; lastKnownFileType = sourcecode.swift; path = CameraViewController.swift; sourceTree = "<group>"; };
		A4EB31152911738000002926 /* NotificationsViewController.swift */ = {isa = PBXFileReference; lastKnownFileType = sourcecode.swift; path = NotificationsViewController.swift; sourceTree = "<group>"; };
		A4EB31172911738F00002926 /* ProfileViewController.swift */ = {isa = PBXFileReference; lastKnownFileType = sourcecode.swift; path = ProfileViewController.swift; sourceTree = "<group>"; };
		C341E63B9E38CD0C9AE6E33E /* Pods_Insta_CloneApp.framework */ = {isa = PBXFileReference; explicitFileType = wrapper.framework; includeInIndex = 0; path = Pods_Insta_CloneApp.framework; sourceTree = BUILT_PRODUCTS_DIR; };
		C5EF272EA23357DC19B868A9 /* Pods-Insta-CloneApp.debug.xcconfig */ = {isa = PBXFileReference; includeInIndex = 1; lastKnownFileType = text.xcconfig; name = "Pods-Insta-CloneApp.debug.xcconfig"; path = "Target Support Files/Pods-Insta-CloneApp/Pods-Insta-CloneApp.debug.xcconfig"; sourceTree = "<group>"; };
		D90B2BFA4DFC6040F9C8AF4E /* Pods-Insta-CloneAppTests.debug.xcconfig */ = {isa = PBXFileReference; includeInIndex = 1; lastKnownFileType = text.xcconfig; name = "Pods-Insta-CloneAppTests.debug.xcconfig"; path = "Target Support Files/Pods-Insta-CloneAppTests/Pods-Insta-CloneAppTests.debug.xcconfig"; sourceTree = "<group>"; };
/* End PBXFileReference section */

/* Begin PBXFrameworksBuildPhase section */
		A4EB30D429116FE300002926 /* Frameworks */ = {
			isa = PBXFrameworksBuildPhase;
			buildActionMask = 2147483647;
			files = (
				3310228244C83DD887544F37 /* Pods_Insta_CloneApp.framework in Frameworks */,
			);
			runOnlyForDeploymentPostprocessing = 0;
		};
		A4EB30EA29116FE600002926 /* Frameworks */ = {
			isa = PBXFrameworksBuildPhase;
			buildActionMask = 2147483647;
			files = (
				9B5680BF828066C50FF6AF37 /* Pods_Insta_CloneAppTests.framework in Frameworks */,
			);
			runOnlyForDeploymentPostprocessing = 0;
		};
		A4EB30F429116FE600002926 /* Frameworks */ = {
			isa = PBXFrameworksBuildPhase;
			buildActionMask = 2147483647;
			files = (
				D44F7964E00AE85F47567B11 /* Pods_Insta_CloneApp_Insta_CloneAppUITests.framework in Frameworks */,
			);
			runOnlyForDeploymentPostprocessing = 0;
		};
/* End PBXFrameworksBuildPhase section */

/* Begin PBXGroup section */
		5856383CBE063A50B76933BE /* Pods */ = {
			isa = PBXGroup;
			children = (
				C5EF272EA23357DC19B868A9 /* Pods-Insta-CloneApp.debug.xcconfig */,
				7536E7268C53FC0B43A17DE0 /* Pods-Insta-CloneApp.release.xcconfig */,
				75FBF39E64CBEB57284E96AB /* Pods-Insta-CloneApp-Insta-CloneAppUITests.debug.xcconfig */,
				9B0679C292A431219B87AC1F /* Pods-Insta-CloneApp-Insta-CloneAppUITests.release.xcconfig */,
				D90B2BFA4DFC6040F9C8AF4E /* Pods-Insta-CloneAppTests.debug.xcconfig */,
				13C464DCC10283D69F8B100E /* Pods-Insta-CloneAppTests.release.xcconfig */,
			);
			path = Pods;
			sourceTree = "<group>";
		};
		A410184929122D4B00128B09 /* Others */ = {
			isa = PBXGroup;
			children = (
				A410184A29122D5700128B09 /* OnBoarding */,
				A41018602912850D00128B09 /* General */,
			);
			path = Others;
			sourceTree = "<group>";
		};
		A410184A29122D5700128B09 /* OnBoarding */ = {
			isa = PBXGroup;
			children = (
				A410184B29122D6E00128B09 /* LoginViewController.swift */,
				A410184D29122D9000128B09 /* RegistrationViewController.swift */,
			);
			path = OnBoarding;
			sourceTree = "<group>";
		};
		A41018602912850D00128B09 /* General */ = {
			isa = PBXGroup;
			children = (
				A410184F29122F0600128B09 /* PostViewController.swift */,
				A410185129122F1D00128B09 /* EditProfileViewController.swift */,
				A410185329122F6300128B09 /* SettingViewController.swift */,
				A410185529122F7000128B09 /* ListViewController.swift */,
				A410185729122F9800128B09 /* SearchViewController.swift */,
				A4101859291233E200128B09 /* PostEditorViewController.swift */,
				A410185B2912341500128B09 /* PublishPostViewController.swift */,
			);
			path = General;
			sourceTree = "<group>";
		};
		A4EB30CE29116FE300002926 = {
			isa = PBXGroup;
			children = (
				A4EB30D929116FE300002926 /* Insta-CloneApp */,
				A4EB30F029116FE600002926 /* Insta-CloneAppTests */,
				A4EB30FA29116FE600002926 /* Insta-CloneAppUITests */,
				A4EB30D829116FE300002926 /* Products */,
				5856383CBE063A50B76933BE /* Pods */,
				ACEA92D3FACA55B22B779509 /* Frameworks */,
			);
			sourceTree = "<group>";
		};
		A4EB30D829116FE300002926 /* Products */ = {
			isa = PBXGroup;
			children = (
				A4EB30D729116FE300002926 /* Insta-CloneApp.app */,
				A4EB30ED29116FE600002926 /* Insta-CloneAppTests.xctest */,
				A4EB30F729116FE600002926 /* Insta-CloneAppUITests.xctest */,
			);
			name = Products;
			sourceTree = "<group>";
		};
		A4EB30D929116FE300002926 /* Insta-CloneApp */ = {
			isa = PBXGroup;
			children = (
				A4EB310F2911726D00002926 /* Models */,
				A4EB310E2911725600002926 /* Resources */,
				A4EB310D2911724D00002926 /* Views */,
				A4EB310A2911701B00002926 /* Controllers */,
				A4EB30E829116FE500002926 /* Info.plist */,
			);
			path = "Insta-CloneApp";
			sourceTree = "<group>";
		};
		A4EB30F029116FE600002926 /* Insta-CloneAppTests */ = {
			isa = PBXGroup;
			children = (
				A4EB30F129116FE600002926 /* Insta_CloneAppTests.swift */,
			);
			path = "Insta-CloneAppTests";
			sourceTree = "<group>";
		};
		A4EB30FA29116FE600002926 /* Insta-CloneAppUITests */ = {
			isa = PBXGroup;
			children = (
				A4EB30FB29116FE600002926 /* Insta_CloneAppUITests.swift */,
				A4EB30FD29116FE600002926 /* Insta_CloneAppUITestsLaunchTests.swift */,
			);
			path = "Insta-CloneAppUITests";
			sourceTree = "<group>";
		};
		A4EB310A2911701B00002926 /* Controllers */ = {
			isa = PBXGroup;
			children = (
				A410184929122D4B00128B09 /* Others */,
				A4EB31192911739600002926 /* Coretabs */,
			);
			path = Controllers;
			sourceTree = "<group>";
		};
		A4EB310D2911724D00002926 /* Views */ = {
			isa = PBXGroup;
			children = (
				A4EB3110291172DD00002926 /* StoryBoard */,
				A4EB30E329116FE500002926 /* Assets.xcassets */,
			);
			path = Views;
			sourceTree = "<group>";
		};
		A4EB310E2911725600002926 /* Resources */ = {
			isa = PBXGroup;
			children = (
				A410185D29124E5D00128B09 /* GoogleService-Info.plist */,
				A40128CD29135E8500A08049 /* Extensions.swift */,
				A4EB30DA29116FE300002926 /* AppDelegate.swift */,
				A4EB30DC29116FE300002926 /* SceneDelegate.swift */,
				A41018612912860900128B09 /* DataBaseManager.swift */,
				A41018632912870A00128B09 /* Authmanager.swift */,
				A41018652912879000128B09 /* StorageManager.swift */,
			);
			path = Resources;
			sourceTree = "<group>";
		};
		A4EB310F2911726D00002926 /* Models */ = {
			isa = PBXGroup;
			children = (
			);
			path = Models;
			sourceTree = "<group>";
		};
		A4EB3110291172DD00002926 /* StoryBoard */ = {
			isa = PBXGroup;
			children = (
				A4EB30E029116FE300002926 /* Main.storyboard */,
				A4EB30E529116FE500002926 /* LaunchScreen.storyboard */,
			);
			path = StoryBoard;
			sourceTree = "<group>";
		};
		A4EB31192911739600002926 /* Coretabs */ = {
			isa = PBXGroup;
			children = (
				A4EB310B291170CA00002926 /* HomeViewController.swift */,
				A4EB31112911732A00002926 /* ExplorerViewController.swift */,
				A4EB31132911736A00002926 /* CameraViewController.swift */,
				A4EB31152911738000002926 /* NotificationsViewController.swift */,
				A4EB31172911738F00002926 /* ProfileViewController.swift */,
			);
			path = Coretabs;
			sourceTree = "<group>";
		};
		ACEA92D3FACA55B22B779509 /* Frameworks */ = {
			isa = PBXGroup;
			children = (
				C341E63B9E38CD0C9AE6E33E /* Pods_Insta_CloneApp.framework */,
				51D7D2ED87396BC437F131F6 /* Pods_Insta_CloneApp_Insta_CloneAppUITests.framework */,
				0BA5485CAD0BDE6B75062C69 /* Pods_Insta_CloneAppTests.framework */,
			);
			name = Frameworks;
			sourceTree = "<group>";
		};
/* End PBXGroup section */

/* Begin PBXNativeTarget section */
		A4EB30D629116FE300002926 /* Insta-CloneApp */ = {
			isa = PBXNativeTarget;
			buildConfigurationList = A4EB310129116FE600002926 /* Build configuration list for PBXNativeTarget "Insta-CloneApp" */;
			buildPhases = (
				83EC2875746E0F98D6784A24 /* [CP] Check Pods Manifest.lock */,
				A4EB30D329116FE300002926 /* Sources */,
				A4EB30D429116FE300002926 /* Frameworks */,
				A4EB30D529116FE300002926 /* Resources */,
				622CAEAF0B2FDFBFD75C3BED /* [CP] Embed Pods Frameworks */,
			);
			buildRules = (
			);
			dependencies = (
			);
			name = "Insta-CloneApp";
			productName = "Insta-CloneApp";
			productReference = A4EB30D729116FE300002926 /* Insta-CloneApp.app */;
			productType = "com.apple.product-type.application";
		};
		A4EB30EC29116FE600002926 /* Insta-CloneAppTests */ = {
			isa = PBXNativeTarget;
			buildConfigurationList = A4EB310429116FE600002926 /* Build configuration list for PBXNativeTarget "Insta-CloneAppTests" */;
			buildPhases = (
				D2A8C44D72F64524DF9E0236 /* [CP] Check Pods Manifest.lock */,
				A4EB30E929116FE600002926 /* Sources */,
				A4EB30EA29116FE600002926 /* Frameworks */,
				A4EB30EB29116FE600002926 /* Resources */,
			);
			buildRules = (
			);
			dependencies = (
				A4EB30EF29116FE600002926 /* PBXTargetDependency */,
			);
			name = "Insta-CloneAppTests";
			productName = "Insta-CloneAppTests";
			productReference = A4EB30ED29116FE600002926 /* Insta-CloneAppTests.xctest */;
			productType = "com.apple.product-type.bundle.unit-test";
		};
		A4EB30F629116FE600002926 /* Insta-CloneAppUITests */ = {
			isa = PBXNativeTarget;
			buildConfigurationList = A4EB310729116FE600002926 /* Build configuration list for PBXNativeTarget "Insta-CloneAppUITests" */;
			buildPhases = (
				195D757283200EA0629094F5 /* [CP] Check Pods Manifest.lock */,
				A4EB30F329116FE600002926 /* Sources */,
				A4EB30F429116FE600002926 /* Frameworks */,
				A4EB30F529116FE600002926 /* Resources */,
				8BF514280BFC1A48123971B6 /* [CP] Embed Pods Frameworks */,
			);
			buildRules = (
			);
			dependencies = (
				A4EB30F929116FE600002926 /* PBXTargetDependency */,
			);
			name = "Insta-CloneAppUITests";
			productName = "Insta-CloneAppUITests";
			productReference = A4EB30F729116FE600002926 /* Insta-CloneAppUITests.xctest */;
			productType = "com.apple.product-type.bundle.ui-testing";
		};
/* End PBXNativeTarget section */

/* Begin PBXProject section */
		A4EB30CF29116FE300002926 /* Project object */ = {
			isa = PBXProject;
			attributes = {
				BuildIndependentTargetsInParallel = 1;
				LastSwiftUpdateCheck = 1340;
				LastUpgradeCheck = 1340;
				TargetAttributes = {
					A4EB30D629116FE300002926 = {
						CreatedOnToolsVersion = 13.4.1;
					};
					A4EB30EC29116FE600002926 = {
						CreatedOnToolsVersion = 13.4.1;
						TestTargetID = A4EB30D629116FE300002926;
					};
					A4EB30F629116FE600002926 = {
						CreatedOnToolsVersion = 13.4.1;
						TestTargetID = A4EB30D629116FE300002926;
					};
				};
			};
			buildConfigurationList = A4EB30D229116FE300002926 /* Build configuration list for PBXProject "Insta-CloneApp" */;
			compatibilityVersion = "Xcode 13.0";
			developmentRegion = en;
			hasScannedForEncodings = 0;
			knownRegions = (
				en,
				Base,
			);
			mainGroup = A4EB30CE29116FE300002926;
			productRefGroup = A4EB30D829116FE300002926 /* Products */;
			projectDirPath = "";
			projectRoot = "";
			targets = (
				A4EB30D629116FE300002926 /* Insta-CloneApp */,
				A4EB30EC29116FE600002926 /* Insta-CloneAppTests */,
				A4EB30F629116FE600002926 /* Insta-CloneAppUITests */,
			);
		};
/* End PBXProject section */

/* Begin PBXResourcesBuildPhase section */
		A4EB30D529116FE300002926 /* Resources */ = {
			isa = PBXResourcesBuildPhase;
			buildActionMask = 2147483647;
			files = (
				A4EB30E729116FE500002926 /* LaunchScreen.storyboard in Resources */,
				A410185E29124E5D00128B09 /* GoogleService-Info.plist in Resources */,
				A4EB30E429116FE500002926 /* Assets.xcassets in Resources */,
				A4EB30E229116FE300002926 /* Main.storyboard in Resources */,
			);
			runOnlyForDeploymentPostprocessing = 0;
		};
		A4EB30EB29116FE600002926 /* Resources */ = {
			isa = PBXResourcesBuildPhase;
			buildActionMask = 2147483647;
			files = (
			);
			runOnlyForDeploymentPostprocessing = 0;
		};
		A4EB30F529116FE600002926 /* Resources */ = {
			isa = PBXResourcesBuildPhase;
			buildActionMask = 2147483647;
			files = (
			);
			runOnlyForDeploymentPostprocessing = 0;
		};
/* End PBXResourcesBuildPhase section */

/* Begin PBXShellScriptBuildPhase section */
		195D757283200EA0629094F5 /* [CP] Check Pods Manifest.lock */ = {
			isa = PBXShellScriptBuildPhase;
			buildActionMask = 2147483647;
			files = (
			);
			inputFileListPaths = (
			);
			inputPaths = (
				"${PODS_PODFILE_DIR_PATH}/Podfile.lock",
				"${PODS_ROOT}/Manifest.lock",
			);
			name = "[CP] Check Pods Manifest.lock";
			outputFileListPaths = (
			);
			outputPaths = (
				"$(DERIVED_FILE_DIR)/Pods-Insta-CloneApp-Insta-CloneAppUITests-checkManifestLockResult.txt",
			);
			runOnlyForDeploymentPostprocessing = 0;
			shellPath = /bin/sh;
			shellScript = "diff \"${PODS_PODFILE_DIR_PATH}/Podfile.lock\" \"${PODS_ROOT}/Manifest.lock\" > /dev/null\nif [ $? != 0 ] ; then\n    # print error to STDERR\n    echo \"error: The sandbox is not in sync with the Podfile.lock. Run 'pod install' or update your CocoaPods installation.\" >&2\n    exit 1\nfi\n# This output is used by Xcode 'outputs' to avoid re-running this script phase.\necho \"SUCCESS\" > \"${SCRIPT_OUTPUT_FILE_0}\"\n";
			showEnvVarsInLog = 0;
		};
		622CAEAF0B2FDFBFD75C3BED /* [CP] Embed Pods Frameworks */ = {
			isa = PBXShellScriptBuildPhase;
			buildActionMask = 2147483647;
			files = (
			);
			inputFileListPaths = (
				"${PODS_ROOT}/Target Support Files/Pods-Insta-CloneApp/Pods-Insta-CloneApp-frameworks-${CONFIGURATION}-input-files.xcfilelist",
			);
			name = "[CP] Embed Pods Frameworks";
			outputFileListPaths = (
				"${PODS_ROOT}/Target Support Files/Pods-Insta-CloneApp/Pods-Insta-CloneApp-frameworks-${CONFIGURATION}-output-files.xcfilelist",
			);
			runOnlyForDeploymentPostprocessing = 0;
			shellPath = /bin/sh;
			shellScript = "\"${PODS_ROOT}/Target Support Files/Pods-Insta-CloneApp/Pods-Insta-CloneApp-frameworks.sh\"\n";
			showEnvVarsInLog = 0;
		};
		83EC2875746E0F98D6784A24 /* [CP] Check Pods Manifest.lock */ = {
			isa = PBXShellScriptBuildPhase;
			buildActionMask = 2147483647;
			files = (
			);
			inputFileListPaths = (
			);
			inputPaths = (
				"${PODS_PODFILE_DIR_PATH}/Podfile.lock",
				"${PODS_ROOT}/Manifest.lock",
			);
			name = "[CP] Check Pods Manifest.lock";
			outputFileListPaths = (
			);
			outputPaths = (
				"$(DERIVED_FILE_DIR)/Pods-Insta-CloneApp-checkManifestLockResult.txt",
			);
			runOnlyForDeploymentPostprocessing = 0;
			shellPath = /bin/sh;
			shellScript = "diff \"${PODS_PODFILE_DIR_PATH}/Podfile.lock\" \"${PODS_ROOT}/Manifest.lock\" > /dev/null\nif [ $? != 0 ] ; then\n    # print error to STDERR\n    echo \"error: The sandbox is not in sync with the Podfile.lock. Run 'pod install' or update your CocoaPods installation.\" >&2\n    exit 1\nfi\n# This output is used by Xcode 'outputs' to avoid re-running this script phase.\necho \"SUCCESS\" > \"${SCRIPT_OUTPUT_FILE_0}\"\n";
			showEnvVarsInLog = 0;
		};
		8BF514280BFC1A48123971B6 /* [CP] Embed Pods Frameworks */ = {
			isa = PBXShellScriptBuildPhase;
			buildActionMask = 2147483647;
			files = (
			);
			inputFileListPaths = (
				"${PODS_ROOT}/Target Support Files/Pods-Insta-CloneApp-Insta-CloneAppUITests/Pods-Insta-CloneApp-Insta-CloneAppUITests-frameworks-${CONFIGURATION}-input-files.xcfilelist",
			);
			name = "[CP] Embed Pods Frameworks";
			outputFileListPaths = (
				"${PODS_ROOT}/Target Support Files/Pods-Insta-CloneApp-Insta-CloneAppUITests/Pods-Insta-CloneApp-Insta-CloneAppUITests-frameworks-${CONFIGURATION}-output-files.xcfilelist",
			);
			runOnlyForDeploymentPostprocessing = 0;
			shellPath = /bin/sh;
			shellScript = "\"${PODS_ROOT}/Target Support Files/Pods-Insta-CloneApp-Insta-CloneAppUITests/Pods-Insta-CloneApp-Insta-CloneAppUITests-frameworks.sh\"\n";
			showEnvVarsInLog = 0;
		};
		D2A8C44D72F64524DF9E0236 /* [CP] Check Pods Manifest.lock */ = {
			isa = PBXShellScriptBuildPhase;
			buildActionMask = 2147483647;
			files = (
			);
			inputFileListPaths = (
			);
			inputPaths = (
				"${PODS_PODFILE_DIR_PATH}/Podfile.lock",
				"${PODS_ROOT}/Manifest.lock",
			);
			name = "[CP] Check Pods Manifest.lock";
			outputFileListPaths = (
			);
			outputPaths = (
				"$(DERIVED_FILE_DIR)/Pods-Insta-CloneAppTests-checkManifestLockResult.txt",
			);
			runOnlyForDeploymentPostprocessing = 0;
			shellPath = /bin/sh;
			shellScript = "diff \"${PODS_PODFILE_DIR_PATH}/Podfile.lock\" \"${PODS_ROOT}/Manifest.lock\" > /dev/null\nif [ $? != 0 ] ; then\n    # print error to STDERR\n    echo \"error: The sandbox is not in sync with the Podfile.lock. Run 'pod install' or update your CocoaPods installation.\" >&2\n    exit 1\nfi\n# This output is used by Xcode 'outputs' to avoid re-running this script phase.\necho \"SUCCESS\" > \"${SCRIPT_OUTPUT_FILE_0}\"\n";
			showEnvVarsInLog = 0;
		};
/* End PBXShellScriptBuildPhase section */

/* Begin PBXSourcesBuildPhase section */
		A4EB30D329116FE300002926 /* Sources */ = {
			isa = PBXSourcesBuildPhase;
			buildActionMask = 2147483647;
			files = (
				A410185229122F1D00128B09 /* EditProfileViewController.swift in Sources */,
				A4EB30DB29116FE300002926 /* AppDelegate.swift in Sources */,
				A4EB31142911736A00002926 /* CameraViewController.swift in Sources */,
				A41018642912870A00128B09 /* Authmanager.swift in Sources */,
				A4EB30DD29116FE300002926 /* SceneDelegate.swift in Sources */,
				A410184E29122D9000128B09 /* RegistrationViewController.swift in Sources */,
				A410185029122F0600128B09 /* PostViewController.swift in Sources */,
				A41018622912860900128B09 /* DataBaseManager.swift in Sources */,
				A410185C2912341500128B09 /* PublishPostViewController.swift in Sources */,
				A41018662912879000128B09 /* StorageManager.swift in Sources */,
				A4EB31162911738000002926 /* NotificationsViewController.swift in Sources */,
				A410184C29122D6E00128B09 /* LoginViewController.swift in Sources */,
				A410185829122F9800128B09 /* SearchViewController.swift in Sources */,
				A4EB31182911738F00002926 /* ProfileViewController.swift in Sources */,
				A4EB310C291170CA00002926 /* HomeViewController.swift in Sources */,
				A40128CE29135E8500A08049 /* Extensions.swift in Sources */,
				A410185A291233E200128B09 /* PostEditorViewController.swift in Sources */,
				A4EB31122911732A00002926 /* ExplorerViewController.swift in Sources */,
				A410185629122F7000128B09 /* ListViewController.swift in Sources */,
				A410185429122F6300128B09 /* SettingViewController.swift in Sources */,
			);
			runOnlyForDeploymentPostprocessing = 0;
		};
		A4EB30E929116FE600002926 /* Sources */ = {
			isa = PBXSourcesBuildPhase;
			buildActionMask = 2147483647;
			files = (
				A4EB30F229116FE600002926 /* Insta_CloneAppTests.swift in Sources */,
			);
			runOnlyForDeploymentPostprocessing = 0;
		};
		A4EB30F329116FE600002926 /* Sources */ = {
			isa = PBXSourcesBuildPhase;
			buildActionMask = 2147483647;
			files = (
				A4EB30FE29116FE600002926 /* Insta_CloneAppUITestsLaunchTests.swift in Sources */,
				A4EB30FC29116FE600002926 /* Insta_CloneAppUITests.swift in Sources */,
			);
			runOnlyForDeploymentPostprocessing = 0;
		};
/* End PBXSourcesBuildPhase section */

/* Begin PBXTargetDependency section */
		A4EB30EF29116FE600002926 /* PBXTargetDependency */ = {
			isa = PBXTargetDependency;
			target = A4EB30D629116FE300002926 /* Insta-CloneApp */;
			targetProxy = A4EB30EE29116FE600002926 /* PBXContainerItemProxy */;
		};
		A4EB30F929116FE600002926 /* PBXTargetDependency */ = {
			isa = PBXTargetDependency;
			target = A4EB30D629116FE300002926 /* Insta-CloneApp */;
			targetProxy = A4EB30F829116FE600002926 /* PBXContainerItemProxy */;
		};
/* End PBXTargetDependency section */

/* Begin PBXVariantGroup section */
		A4EB30E029116FE300002926 /* Main.storyboard */ = {
			isa = PBXVariantGroup;
			children = (
				A4EB30E129116FE300002926 /* Base */,
			);
			name = Main.storyboard;
			sourceTree = "<group>";
		};
		A4EB30E529116FE500002926 /* LaunchScreen.storyboard */ = {
			isa = PBXVariantGroup;
			children = (
				A4EB30E629116FE500002926 /* Base */,
			);
			name = LaunchScreen.storyboard;
			sourceTree = "<group>";
		};
/* End PBXVariantGroup section */

/* Begin XCBuildConfiguration section */
		A4EB30FF29116FE600002926 /* Debug */ = {
			isa = XCBuildConfiguration;
			buildSettings = {
				ALWAYS_SEARCH_USER_PATHS = NO;
				CLANG_ANALYZER_NONNULL = YES;
				CLANG_ANALYZER_NUMBER_OBJECT_CONVERSION = YES_AGGRESSIVE;
				CLANG_CXX_LANGUAGE_STANDARD = "gnu++17";
				CLANG_ENABLE_MODULES = YES;
				CLANG_ENABLE_OBJC_ARC = YES;
				CLANG_ENABLE_OBJC_WEAK = YES;
				CLANG_WARN_BLOCK_CAPTURE_AUTORELEASING = YES;
				CLANG_WARN_BOOL_CONVERSION = YES;
				CLANG_WARN_COMMA = YES;
				CLANG_WARN_CONSTANT_CONVERSION = YES;
				CLANG_WARN_DEPRECATED_OBJC_IMPLEMENTATIONS = YES;
				CLANG_WARN_DIRECT_OBJC_ISA_USAGE = YES_ERROR;
				CLANG_WARN_DOCUMENTATION_COMMENTS = YES;
				CLANG_WARN_EMPTY_BODY = YES;
				CLANG_WARN_ENUM_CONVERSION = YES;
				CLANG_WARN_INFINITE_RECURSION = YES;
				CLANG_WARN_INT_CONVERSION = YES;
				CLANG_WARN_NON_LITERAL_NULL_CONVERSION = YES;
				CLANG_WARN_OBJC_IMPLICIT_RETAIN_SELF = YES;
				CLANG_WARN_OBJC_LITERAL_CONVERSION = YES;
				CLANG_WARN_OBJC_ROOT_CLASS = YES_ERROR;
				CLANG_WARN_QUOTED_INCLUDE_IN_FRAMEWORK_HEADER = YES;
				CLANG_WARN_RANGE_LOOP_ANALYSIS = YES;
				CLANG_WARN_STRICT_PROTOTYPES = YES;
				CLANG_WARN_SUSPICIOUS_MOVE = YES;
				CLANG_WARN_UNGUARDED_AVAILABILITY = YES_AGGRESSIVE;
				CLANG_WARN_UNREACHABLE_CODE = YES;
				CLANG_WARN__DUPLICATE_METHOD_MATCH = YES;
				COPY_PHASE_STRIP = NO;
				DEBUG_INFORMATION_FORMAT = dwarf;
				ENABLE_STRICT_OBJC_MSGSEND = YES;
				ENABLE_TESTABILITY = YES;
				GCC_C_LANGUAGE_STANDARD = gnu11;
				GCC_DYNAMIC_NO_PIC = NO;
				GCC_NO_COMMON_BLOCKS = YES;
				GCC_OPTIMIZATION_LEVEL = 0;
				GCC_PREPROCESSOR_DEFINITIONS = (
					"DEBUG=1",
					"$(inherited)",
				);
				GCC_WARN_64_TO_32_BIT_CONVERSION = YES;
				GCC_WARN_ABOUT_RETURN_TYPE = YES_ERROR;
				GCC_WARN_UNDECLARED_SELECTOR = YES;
				GCC_WARN_UNINITIALIZED_AUTOS = YES_AGGRESSIVE;
				GCC_WARN_UNUSED_FUNCTION = YES;
				GCC_WARN_UNUSED_VARIABLE = YES;
				IPHONEOS_DEPLOYMENT_TARGET = 15.5;
				MTL_ENABLE_DEBUG_INFO = INCLUDE_SOURCE;
				MTL_FAST_MATH = YES;
				ONLY_ACTIVE_ARCH = YES;
				SDKROOT = iphoneos;
				SWIFT_ACTIVE_COMPILATION_CONDITIONS = DEBUG;
				SWIFT_OPTIMIZATION_LEVEL = "-Onone";
			};
			name = Debug;
		};
		A4EB310029116FE600002926 /* Release */ = {
			isa = XCBuildConfiguration;
			buildSettings = {
				ALWAYS_SEARCH_USER_PATHS = NO;
				CLANG_ANALYZER_NONNULL = YES;
				CLANG_ANALYZER_NUMBER_OBJECT_CONVERSION = YES_AGGRESSIVE;
				CLANG_CXX_LANGUAGE_STANDARD = "gnu++17";
				CLANG_ENABLE_MODULES = YES;
				CLANG_ENABLE_OBJC_ARC = YES;
				CLANG_ENABLE_OBJC_WEAK = YES;
				CLANG_WARN_BLOCK_CAPTURE_AUTORELEASING = YES;
				CLANG_WARN_BOOL_CONVERSION = YES;
				CLANG_WARN_COMMA = YES;
				CLANG_WARN_CONSTANT_CONVERSION = YES;
				CLANG_WARN_DEPRECATED_OBJC_IMPLEMENTATIONS = YES;
				CLANG_WARN_DIRECT_OBJC_ISA_USAGE = YES_ERROR;
				CLANG_WARN_DOCUMENTATION_COMMENTS = YES;
				CLANG_WARN_EMPTY_BODY = YES;
				CLANG_WARN_ENUM_CONVERSION = YES;
				CLANG_WARN_INFINITE_RECURSION = YES;
				CLANG_WARN_INT_CONVERSION = YES;
				CLANG_WARN_NON_LITERAL_NULL_CONVERSION = YES;
				CLANG_WARN_OBJC_IMPLICIT_RETAIN_SELF = YES;
				CLANG_WARN_OBJC_LITERAL_CONVERSION = YES;
				CLANG_WARN_OBJC_ROOT_CLASS = YES_ERROR;
				CLANG_WARN_QUOTED_INCLUDE_IN_FRAMEWORK_HEADER = YES;
				CLANG_WARN_RANGE_LOOP_ANALYSIS = YES;
				CLANG_WARN_STRICT_PROTOTYPES = YES;
				CLANG_WARN_SUSPICIOUS_MOVE = YES;
				CLANG_WARN_UNGUARDED_AVAILABILITY = YES_AGGRESSIVE;
				CLANG_WARN_UNREACHABLE_CODE = YES;
				CLANG_WARN__DUPLICATE_METHOD_MATCH = YES;
				COPY_PHASE_STRIP = NO;
				DEBUG_INFORMATION_FORMAT = "dwarf-with-dsym";
				ENABLE_NS_ASSERTIONS = NO;
				ENABLE_STRICT_OBJC_MSGSEND = YES;
				GCC_C_LANGUAGE_STANDARD = gnu11;
				GCC_NO_COMMON_BLOCKS = YES;
				GCC_WARN_64_TO_32_BIT_CONVERSION = YES;
				GCC_WARN_ABOUT_RETURN_TYPE = YES_ERROR;
				GCC_WARN_UNDECLARED_SELECTOR = YES;
				GCC_WARN_UNINITIALIZED_AUTOS = YES_AGGRESSIVE;
				GCC_WARN_UNUSED_FUNCTION = YES;
				GCC_WARN_UNUSED_VARIABLE = YES;
				IPHONEOS_DEPLOYMENT_TARGET = 15.5;
				MTL_ENABLE_DEBUG_INFO = NO;
				MTL_FAST_MATH = YES;
				SDKROOT = iphoneos;
				SWIFT_COMPILATION_MODE = wholemodule;
				SWIFT_OPTIMIZATION_LEVEL = "-O";
				VALIDATE_PRODUCT = YES;
			};
			name = Release;
		};
		A4EB310229116FE600002926 /* Debug */ = {
			isa = XCBuildConfiguration;
			baseConfigurationReference = C5EF272EA23357DC19B868A9 /* Pods-Insta-CloneApp.debug.xcconfig */;
			buildSettings = {
				ASSETCATALOG_COMPILER_APPICON_NAME = AppIcon;
				ASSETCATALOG_COMPILER_GLOBAL_ACCENT_COLOR_NAME = AccentColor;
				CODE_SIGN_IDENTITY = "iPhone Developer";
				CODE_SIGN_STYLE = Manual;
				CURRENT_PROJECT_VERSION = 1;
				DEVELOPMENT_TEAM = 5GX9V47BXL;
				GENERATE_INFOPLIST_FILE = YES;
				INFOPLIST_FILE = "Insta-CloneApp/Info.plist";
				INFOPLIST_KEY_UIApplicationSupportsIndirectInputEvents = YES;
				INFOPLIST_KEY_UILaunchStoryboardName = LaunchScreen;
				INFOPLIST_KEY_UIMainStoryboardFile = Main;
				INFOPLIST_KEY_UISupportedInterfaceOrientations = UIInterfaceOrientationPortrait;
				INFOPLIST_KEY_UISupportedInterfaceOrientations_iPad = "UIInterfaceOrientationPortrait UIInterfaceOrientationPortraitUpsideDown UIInterfaceOrientationLandscapeLeft UIInterfaceOrientationLandscapeRight";
				INFOPLIST_KEY_UISupportedInterfaceOrientations_iPhone = "UIInterfaceOrientationPortrait UIInterfaceOrientationLandscapeLeft UIInterfaceOrientationLandscapeRight";
				LD_RUNPATH_SEARCH_PATHS = (
					"$(inherited)",
					"@executable_path/Frameworks",
				);
				MARKETING_VERSION = 1.0;
				PRODUCT_BUNDLE_IDENTIFIER = "com.iexceed.Insta-CloneApp";
				PRODUCT_NAME = "$(TARGET_NAME)";
				PROVISIONING_PROFILE_SPECIFIER = DevelopmentProfile;
				SWIFT_EMIT_LOC_STRINGS = YES;
				SWIFT_VERSION = 5.0;
				TARGETED_DEVICE_FAMILY = "1,2";
			};
			name = Debug;
		};
		A4EB310329116FE600002926 /* Release */ = {
			isa = XCBuildConfiguration;
			baseConfigurationReference = 7536E7268C53FC0B43A17DE0 /* Pods-Insta-CloneApp.release.xcconfig */;
			buildSettings = {
				ASSETCATALOG_COMPILER_APPICON_NAME = AppIcon;
				ASSETCATALOG_COMPILER_GLOBAL_ACCENT_COLOR_NAME = AccentColor;
				CODE_SIGN_IDENTITY = "iPhone Developer";
				CODE_SIGN_STYLE = Manual;
				CURRENT_PROJECT_VERSION = 1;
				DEVELOPMENT_TEAM = 5GX9V47BXL;
				GENERATE_INFOPLIST_FILE = YES;
				INFOPLIST_FILE = "Insta-CloneApp/Info.plist";
				INFOPLIST_KEY_UIApplicationSupportsIndirectInputEvents = YES;
				INFOPLIST_KEY_UILaunchStoryboardName = LaunchScreen;
				INFOPLIST_KEY_UIMainStoryboardFile = Main;
				INFOPLIST_KEY_UISupportedInterfaceOrientations = UIInterfaceOrientationPortrait;
				INFOPLIST_KEY_UISupportedInterfaceOrientations_iPad = "UIInterfaceOrientationPortrait UIInterfaceOrientationPortraitUpsideDown UIInterfaceOrientationLandscapeLeft UIInterfaceOrientationLandscapeRight";
				INFOPLIST_KEY_UISupportedInterfaceOrientations_iPhone = "UIInterfaceOrientationPortrait UIInterfaceOrientationLandscapeLeft UIInterfaceOrientationLandscapeRight";
				LD_RUNPATH_SEARCH_PATHS = (
					"$(inherited)",
					"@executable_path/Frameworks",
				);
				MARKETING_VERSION = 1.0;
				PRODUCT_BUNDLE_IDENTIFIER = "com.iexceed.Insta-CloneApp";
				PRODUCT_NAME = "$(TARGET_NAME)";
				PROVISIONING_PROFILE_SPECIFIER = DevelopmentProfile;
				SWIFT_EMIT_LOC_STRINGS = YES;
				SWIFT_VERSION = 5.0;
				TARGETED_DEVICE_FAMILY = "1,2";
			};
			name = Release;
		};
		A4EB310529116FE600002926 /* Debug */ = {
			isa = XCBuildConfiguration;
			baseConfigurationReference = D90B2BFA4DFC6040F9C8AF4E /* Pods-Insta-CloneAppTests.debug.xcconfig */;
			buildSettings = {
				ALWAYS_EMBED_SWIFT_STANDARD_LIBRARIES = YES;
				BUNDLE_LOADER = "$(TEST_HOST)";
				CODE_SIGN_STYLE = Automatic;
				CURRENT_PROJECT_VERSION = 1;
				GENERATE_INFOPLIST_FILE = YES;
				IPHONEOS_DEPLOYMENT_TARGET = 15.5;
				MARKETING_VERSION = 1.0;
				PRODUCT_BUNDLE_IDENTIFIER = "com.iexceed..Insta-CloneAppTests";
				PRODUCT_NAME = "$(TARGET_NAME)";
				SWIFT_EMIT_LOC_STRINGS = NO;
				SWIFT_VERSION = 5.0;
				TARGETED_DEVICE_FAMILY = "1,2";
				TEST_HOST = "$(BUILT_PRODUCTS_DIR)/Insta-CloneApp.app/Insta-CloneApp";
			};
			name = Debug;
		};
		A4EB310629116FE600002926 /* Release */ = {
			isa = XCBuildConfiguration;
			baseConfigurationReference = 13C464DCC10283D69F8B100E /* Pods-Insta-CloneAppTests.release.xcconfig */;
			buildSettings = {
				ALWAYS_EMBED_SWIFT_STANDARD_LIBRARIES = YES;
				BUNDLE_LOADER = "$(TEST_HOST)";
				CODE_SIGN_STYLE = Automatic;
				CURRENT_PROJECT_VERSION = 1;
				GENERATE_INFOPLIST_FILE = YES;
				IPHONEOS_DEPLOYMENT_TARGET = 15.5;
				MARKETING_VERSION = 1.0;
				PRODUCT_BUNDLE_IDENTIFIER = "com.iexceed..Insta-CloneAppTests";
				PRODUCT_NAME = "$(TARGET_NAME)";
				SWIFT_EMIT_LOC_STRINGS = NO;
				SWIFT_VERSION = 5.0;
				TARGETED_DEVICE_FAMILY = "1,2";
				TEST_HOST = "$(BUILT_PRODUCTS_DIR)/Insta-CloneApp.app/Insta-CloneApp";
			};
			name = Release;
		};
		A4EB310829116FE600002926 /* Debug */ = {
			isa = XCBuildConfiguration;
			baseConfigurationReference = 75FBF39E64CBEB57284E96AB /* Pods-Insta-CloneApp-Insta-CloneAppUITests.debug.xcconfig */;
			buildSettings = {
				ALWAYS_EMBED_SWIFT_STANDARD_LIBRARIES = YES;
				CODE_SIGN_STYLE = Automatic;
				CURRENT_PROJECT_VERSION = 1;
				GENERATE_INFOPLIST_FILE = YES;
				MARKETING_VERSION = 1.0;
				PRODUCT_BUNDLE_IDENTIFIER = "com.iexceed..Insta-CloneAppUITests";
				PRODUCT_NAME = "$(TARGET_NAME)";
				SWIFT_EMIT_LOC_STRINGS = NO;
				SWIFT_VERSION = 5.0;
				TARGETED_DEVICE_FAMILY = "1,2";
				TEST_TARGET_NAME = "Insta-CloneApp";
			};
			name = Debug;
		};
		A4EB310929116FE600002926 /* Release */ = {
			isa = XCBuildConfiguration;
			baseConfigurationReference = 9B0679C292A431219B87AC1F /* Pods-Insta-CloneApp-Insta-CloneAppUITests.release.xcconfig */;
			buildSettings = {
				ALWAYS_EMBED_SWIFT_STANDARD_LIBRARIES = YES;
				CODE_SIGN_STYLE = Automatic;
				CURRENT_PROJECT_VERSION = 1;
				GENERATE_INFOPLIST_FILE = YES;
				MARKETING_VERSION = 1.0;
				PRODUCT_BUNDLE_IDENTIFIER = "com.iexceed..Insta-CloneAppUITests";
				PRODUCT_NAME = "$(TARGET_NAME)";
				SWIFT_EMIT_LOC_STRINGS = NO;
				SWIFT_VERSION = 5.0;
				TARGETED_DEVICE_FAMILY = "1,2";
				TEST_TARGET_NAME = "Insta-CloneApp";
			};
			name = Release;
		};
/* End XCBuildConfiguration section */

/* Begin XCConfigurationList section */
		A4EB30D229116FE300002926 /* Build configuration list for PBXProject "Insta-CloneApp" */ = {
			isa = XCConfigurationList;
			buildConfigurations = (
				A4EB30FF29116FE600002926 /* Debug */,
				A4EB310029116FE600002926 /* Release */,
			);
			defaultConfigurationIsVisible = 0;
			defaultConfigurationName = Release;
		};
		A4EB310129116FE600002926 /* Build configuration list for PBXNativeTarget "Insta-CloneApp" */ = {
			isa = XCConfigurationList;
			buildConfigurations = (
				A4EB310229116FE600002926 /* Debug */,
				A4EB310329116FE600002926 /* Release */,
			);
			defaultConfigurationIsVisible = 0;
			defaultConfigurationName = Release;
		};
		A4EB310429116FE600002926 /* Build configuration list for PBXNativeTarget "Insta-CloneAppTests" */ = {
			isa = XCConfigurationList;
			buildConfigurations = (
				A4EB310529116FE600002926 /* Debug */,
				A4EB310629116FE600002926 /* Release */,
			);
			defaultConfigurationIsVisible = 0;
			defaultConfigurationName = Release;
		};
		A4EB310729116FE600002926 /* Build configuration list for PBXNativeTarget "Insta-CloneAppUITests" */ = {
			isa = XCConfigurationList;
			buildConfigurations = (
				A4EB310829116FE600002926 /* Debug */,
				A4EB310929116FE600002926 /* Release */,
			);
			defaultConfigurationIsVisible = 0;
			defaultConfigurationName = Release;
		};
/* End XCConfigurationList section */
	};
	rootObject = A4EB30CF29116FE300002926 /* Project object */;
}
